
Microsoft Visual Studio Solution File, Format Version 12.00
Project("{FAE04EC0-301F-11D3-BF4B-00C04F79EFBC}") = "CourseWork.Api", "CourseWork.Api\CourseWork.Api.csproj", "{463C5767-221C-4DF5-830D-90E8AE50288F}"
EndProject
Project("{FAE04EC0-301F-11D3-BF4B-00C04F79EFBC}") = "CourseWork.Domain", "CourseWork.Domain\CourseWork.Domain.csproj", "{8D5ED1B8-BD70-4788-BC68-D1349F418954}"
EndProject
Project("{FAE04EC0-301F-11D3-BF4B-00C04F79EFBC}") = "CourseWork.Application", "CourseWork.Application\CourseWork.Application.csproj", "{8D820F1F-18B6-4228-A032-29C895190BF4}"
EndProject
Project("{FAE04EC0-301F-11D3-BF4B-00C04F79EFBC}") = "CourseWork.Persistence", "CourseWork.Persistence\CourseWork.Persistence.csproj", "{099EE854-5D8A-47A1-9C45-CFA5D2537EFA}"
EndProject
Global
	GlobalSection(SolutionConfigurationPlatforms) = preSolution
		Debug|Any CPU = Debug|Any CPU
		Release|Any CPU = Release|Any CPU
	EndGlobalSection
	GlobalSection(ProjectConfigurationPlatforms) = postSolution
		{463C5767-221C-4DF5-830D-90E8AE50288F}.Debug|Any CPU.ActiveCfg = Debug|Any CPU
		{463C5767-221C-4DF5-830D-90E8AE50288F}.Debug|Any CPU.Build.0 = Debug|Any CPU
		{463C5767-221C-4DF5-830D-90E8AE50288F}.Release|Any CPU.ActiveCfg = Release|Any CPU
		{463C5767-221C-4DF5-830D-90E8AE50288F}.Release|Any CPU.Build.0 = Release|Any CPU
		{8D5ED1B8-BD70-4788-BC68-D1349F418954}.Debug|Any CPU.ActiveCfg = Debug|Any CPU
		{8D5ED1B8-BD70-4788-BC68-D1349F418954}.Debug|Any CPU.Build.0 = Debug|Any CPU
		{8D5ED1B8-BD70-4788-BC68-D1349F418954}.Release|Any CPU.ActiveCfg = Release|Any CPU
		{8D5ED1B8-BD70-4788-BC68-D1349F418954}.Release|Any CPU.Build.0 = Release|Any CPU
		{8D820F1F-18B6-4228-A032-29C895190BF4}.Debug|Any CPU.ActiveCfg = Debug|Any CPU
		{8D820F1F-18B6-4228-A032-29C895190BF4}.Debug|Any CPU.Build.0 = Debug|Any CPU
		{8D820F1F-18B6-4228-A032-29C895190BF4}.Release|Any CPU.ActiveCfg = Release|Any CPU
		{8D820F1F-18B6-4228-A032-29C895190BF4}.Release|Any CPU.Build.0 = Release|Any CPU
		{099EE854-5D8A-47A1-9C45-CFA5D2537EFA}.Debug|Any CPU.ActiveCfg = Debug|Any CPU
		{099EE854-5D8A-47A1-9C45-CFA5D2537EFA}.Debug|Any CPU.Build.0 = Debug|Any CPU
		{099EE854-5D8A-47A1-9C45-CFA5D2537EFA}.Release|Any CPU.ActiveCfg = Release|Any CPU
		{099EE854-5D8A-47A1-9C45-CFA5D2537EFA}.Release|Any CPU.Build.0 = Release|Any CPU
	EndGlobalSection
EndGlobal
